
Microsoft Visual Studio Solution File, Format Version 12.00
# Visual Studio 15
VisualStudioVersion = 15.0.28307.757
MinimumVisualStudioVersion = 10.0.40219.1
Project("{FAE04EC0-301F-11D3-BF4B-00C04F79EFBC}") = "Api_Jwt1", "Api_Jwt1\Api_Jwt1.csproj", "{89FB68C3-8594-41B0-AC91-F2838E9468AD}"
EndProject
Global
	GlobalSection(SolutionConfigurationPlatforms) = preSolution
		Debug|Any CPU = Debug|Any CPU
		Release|Any CPU = Release|Any CPU
	EndGlobalSection
	GlobalSection(ProjectConfigurationPlatforms) = postSolution
		{89FB68C3-8594-41B0-AC91-F2838E9468AD}.Debug|Any CPU.ActiveCfg = Debug|Any CPU
		{89FB68C3-8594-41B0-AC91-F2838E9468AD}.Debug|Any CPU.Build.0 = Debug|Any CPU
		{89FB68C3-8594-41B0-AC91-F2838E9468AD}.Release|Any CPU.ActiveCfg = Release|Any CPU
		{89FB68C3-8594-41B0-AC91-F2838E9468AD}.Release|Any CPU.Build.0 = Release|Any CPU
	EndGlobalSection
	GlobalSection(SolutionProperties) = preSolution
		HideSolutionNode = FALSE
	EndGlobalSection
	GlobalSection(ExtensibilityGlobals) = postSolution
		SolutionGuid = {ABD8E87A-94DD-4CAD-B11C-1235D8FAF55F}
	EndGlobalSection
EndGlobal
